// !$*UTF8*$!
{
	archiveVersion = 1;
	classes = {
	};
	objectVersion = 55;
	objects = {

/* Begin PBXBuildFile section */
		40209E3F28DE62D100187042 /* MovieDetailsViewController.swift in Sources */ = {isa = PBXBuildFile; fileRef = 40209E3E28DE62D100187042 /* MovieDetailsViewController.swift */; };
		40209E4028DE652400187042 /* MovieDetailsViewController.swift in Sources */ = {isa = PBXBuildFile; fileRef = 40209E3E28DE62D100187042 /* MovieDetailsViewController.swift */; };
		40209E4128DE652500187042 /* MovieDetailsViewController.swift in Sources */ = {isa = PBXBuildFile; fileRef = 40209E3E28DE62D100187042 /* MovieDetailsViewController.swift */; };
		40234BBE28D3DB77004406FC /* AppDelegate.swift in Sources */ = {isa = PBXBuildFile; fileRef = 40234BBD28D3DB77004406FC /* AppDelegate.swift */; };
		40234BC028D3DB77004406FC /* SceneDelegate.swift in Sources */ = {isa = PBXBuildFile; fileRef = 40234BBF28D3DB77004406FC /* SceneDelegate.swift */; };
		40234BC228D3DB77004406FC /* ViewController.swift in Sources */ = {isa = PBXBuildFile; fileRef = 40234BC128D3DB77004406FC /* ViewController.swift */; };
		40234BC528D3DB77004406FC /* Main.storyboard in Resources */ = {isa = PBXBuildFile; fileRef = 40234BC328D3DB77004406FC /* Main.storyboard */; };
		40234BC728D3DB77004406FC /* Assets.xcassets in Resources */ = {isa = PBXBuildFile; fileRef = 40234BC628D3DB77004406FC /* Assets.xcassets */; };
		40234BCA28D3DB77004406FC /* LaunchScreen.storyboard in Resources */ = {isa = PBXBuildFile; fileRef = 40234BC828D3DB77004406FC /* LaunchScreen.storyboard */; };
		40234BD528D3DB77004406FC /* Flix2Tests.swift in Sources */ = {isa = PBXBuildFile; fileRef = 40234BD428D3DB77004406FC /* Flix2Tests.swift */; };
		40234BDF28D3DB77004406FC /* Flix2UITests.swift in Sources */ = {isa = PBXBuildFile; fileRef = 40234BDE28D3DB77004406FC /* Flix2UITests.swift */; };
		40234BE128D3DB78004406FC /* Flix2UITestsLaunchTests.swift in Sources */ = {isa = PBXBuildFile; fileRef = 40234BE028D3DB78004406FC /* Flix2UITestsLaunchTests.swift */; };
		40234BEE28D3ED21004406FC /* MovieCell.swift in Sources */ = {isa = PBXBuildFile; fileRef = 40234BED28D3ED21004406FC /* MovieCell.swift */; };
		40234BF128D3F26F004406FC /* AlamofireImage in Frameworks */ = {isa = PBXBuildFile; productRef = 40234BF028D3F26F004406FC /* AlamofireImage */; };
		40D3D4C928DE8D8C008CF0C2 /* MovieGridViewController.swift in Sources */ = {isa = PBXBuildFile; fileRef = 40D3D4C828DE8D8C008CF0C2 /* MovieGridViewController.swift */; };
		40D3D4CB28DE9002008CF0C2 /* MovieGridCell.swift in Sources */ = {isa = PBXBuildFile; fileRef = 40D3D4CA28DE9002008CF0C2 /* MovieGridCell.swift */; };
/* End PBXBuildFile section */

/* Begin PBXContainerItemProxy section */
		40234BD128D3DB77004406FC /* PBXContainerItemProxy */ = {
			isa = PBXContainerItemProxy;
			containerPortal = 40234BB228D3DB77004406FC /* Project object */;
			proxyType = 1;
			remoteGlobalIDString = 40234BB928D3DB77004406FC;
			remoteInfo = Flix2;
		};
		40234BDB28D3DB77004406FC /* PBXContainerItemProxy */ = {
			isa = PBXContainerItemProxy;
			containerPortal = 40234BB228D3DB77004406FC /* Project object */;
			proxyType = 1;
			remoteGlobalIDString = 40234BB928D3DB77004406FC;
			remoteInfo = Flix2;
		};
/* End PBXContainerItemProxy section */

/* Begin PBXFileReference section */
		40209E3E28DE62D100187042 /* MovieDetailsViewController.swift */ = {isa = PBXFileReference; lastKnownFileType = sourcecode.swift; path = MovieDetailsViewController.swift; sourceTree = "<group>"; };
		40234BBA28D3DB77004406FC /* Flix2.app */ = {isa = PBXFileReference; explicitFileType = wrapper.application; includeInIndex = 0; path = Flix2.app; sourceTree = BUILT_PRODUCTS_DIR; };
		40234BBD28D3DB77004406FC /* AppDelegate.swift */ = {isa = PBXFileReference; lastKnownFileType = sourcecode.swift; path = AppDelegate.swift; sourceTree = "<group>"; };
		40234BBF28D3DB77004406FC /* SceneDelegate.swift */ = {isa = PBXFileReference; lastKnownFileType = sourcecode.swift; path = SceneDelegate.swift; sourceTree = "<group>"; };
		40234BC128D3DB77004406FC /* ViewController.swift */ = {isa = PBXFileReference; lastKnownFileType = sourcecode.swift; path = ViewController.swift; sourceTree = "<group>"; };
		40234BC428D3DB77004406FC /* Base */ = {isa = PBXFileReference; lastKnownFileType = file.storyboard; name = Base; path = Base.lproj/Main.storyboard; sourceTree = "<group>"; };
		40234BC628D3DB77004406FC /* Assets.xcassets */ = {isa = PBXFileReference; lastKnownFileType = folder.assetcatalog; path = Assets.xcassets; sourceTree = "<group>"; };
		40234BC928D3DB77004406FC /* Base */ = {isa = PBXFileReference; lastKnownFileType = file.storyboard; name = Base; path = Base.lproj/LaunchScreen.storyboard; sourceTree = "<group>"; };
		40234BCB28D3DB77004406FC /* Info.plist */ = {isa = PBXFileReference; lastKnownFileType = text.plist.xml; path = Info.plist; sourceTree = "<group>"; };
		40234BD028D3DB77004406FC /* Flix2Tests.xctest */ = {isa = PBXFileReference; explicitFileType = wrapper.cfbundle; includeInIndex = 0; path = Flix2Tests.xctest; sourceTree = BUILT_PRODUCTS_DIR; };
		40234BD428D3DB77004406FC /* Flix2Tests.swift */ = {isa = PBXFileReference; lastKnownFileType = sourcecode.swift; path = Flix2Tests.swift; sourceTree = "<group>"; };
		40234BDA28D3DB77004406FC /* Flix2UITests.xctest */ = {isa = PBXFileReference; explicitFileType = wrapper.cfbundle; includeInIndex = 0; path = Flix2UITests.xctest; sourceTree = BUILT_PRODUCTS_DIR; };
		40234BDE28D3DB77004406FC /* Flix2UITests.swift */ = {isa = PBXFileReference; lastKnownFileType = sourcecode.swift; path = Flix2UITests.swift; sourceTree = "<group>"; };
		40234BE028D3DB78004406FC /* Flix2UITestsLaunchTests.swift */ = {isa = PBXFileReference; lastKnownFileType = sourcecode.swift; path = Flix2UITestsLaunchTests.swift; sourceTree = "<group>"; };
		40234BED28D3ED21004406FC /* MovieCell.swift */ = {isa = PBXFileReference; lastKnownFileType = sourcecode.swift; path = MovieCell.swift; sourceTree = "<group>"; };
		40D3D4C828DE8D8C008CF0C2 /* MovieGridViewController.swift */ = {isa = PBXFileReference; lastKnownFileType = sourcecode.swift; path = MovieGridViewController.swift; sourceTree = "<group>"; };
		40D3D4CA28DE9002008CF0C2 /* MovieGridCell.swift */ = {isa = PBXFileReference; lastKnownFileType = sourcecode.swift; path = MovieGridCell.swift; sourceTree = "<group>"; };
/* End PBXFileReference section */

/* Begin PBXFrameworksBuildPhase section */
		40234BB728D3DB77004406FC /* Frameworks */ = {
			isa = PBXFrameworksBuildPhase;
			buildActionMask = 2147483647;
			files = (
				40234BF128D3F26F004406FC /* AlamofireImage in Frameworks */,
			);
			runOnlyForDeploymentPostprocessing = 0;
		};
		40234BCD28D3DB77004406FC /* Frameworks */ = {
			isa = PBXFrameworksBuildPhase;
			buildActionMask = 2147483647;
			files = (
			);
			runOnlyForDeploymentPostprocessing = 0;
		};
		40234BD728D3DB77004406FC /* Frameworks */ = {
			isa = PBXFrameworksBuildPhase;
			buildActionMask = 2147483647;
			files = (
			);
			runOnlyForDeploymentPostprocessing = 0;
		};
/* End PBXFrameworksBuildPhase section */

/* Begin PBXGroup section */
		40234BB128D3DB77004406FC = {
			isa = PBXGroup;
			children = (
				40234BBC28D3DB77004406FC /* Flix2 */,
				40234BD328D3DB77004406FC /* Flix2Tests */,
				40234BDD28D3DB77004406FC /* Flix2UITests */,
				40234BBB28D3DB77004406FC /* Products */,
			);
			sourceTree = "<group>";
		};
		40234BBB28D3DB77004406FC /* Products */ = {
			isa = PBXGroup;
			children = (
				40234BBA28D3DB77004406FC /* Flix2.app */,
				40234BD028D3DB77004406FC /* Flix2Tests.xctest */,
				40234BDA28D3DB77004406FC /* Flix2UITests.xctest */,
			);
			name = Products;
			sourceTree = "<group>";
		};
		40234BBC28D3DB77004406FC /* Flix2 */ = {
			isa = PBXGroup;
			children = (
				40234BBD28D3DB77004406FC /* AppDelegate.swift */,
				40234BBF28D3DB77004406FC /* SceneDelegate.swift */,
				40234BC328D3DB77004406FC /* Main.storyboard */,
				40234BC628D3DB77004406FC /* Assets.xcassets */,
				40234BC828D3DB77004406FC /* LaunchScreen.storyboard */,
				40234BCB28D3DB77004406FC /* Info.plist */,
				40234BC128D3DB77004406FC /* ViewController.swift */,
				40234BED28D3ED21004406FC /* MovieCell.swift */,
				40209E3E28DE62D100187042 /* MovieDetailsViewController.swift */,
				40D3D4C828DE8D8C008CF0C2 /* MovieGridViewController.swift */,
				40D3D4CA28DE9002008CF0C2 /* MovieGridCell.swift */,
			);
			path = Flix2;
			sourceTree = "<group>";
		};
		40234BD328D3DB77004406FC /* Flix2Tests */ = {
			isa = PBXGroup;
			children = (
				40234BD428D3DB77004406FC /* Flix2Tests.swift */,
			);
			path = Flix2Tests;
			sourceTree = "<group>";
		};
		40234BDD28D3DB77004406FC /* Flix2UITests */ = {
			isa = PBXGroup;
			children = (
				40234BDE28D3DB77004406FC /* Flix2UITests.swift */,
				40234BE028D3DB78004406FC /* Flix2UITestsLaunchTests.swift */,
			);
			path = Flix2UITests;
			sourceTree = "<group>";
		};
/* End PBXGroup section */

/* Begin PBXNativeTarget section */
		40234BB928D3DB77004406FC /* Flix2 */ = {
			isa = PBXNativeTarget;
			buildConfigurationList = 40234BE428D3DB78004406FC /* Build configuration list for PBXNativeTarget "Flix2" */;
			buildPhases = (
				40234BB628D3DB77004406FC /* Sources */,
				40234BB728D3DB77004406FC /* Frameworks */,
				40234BB828D3DB77004406FC /* Resources */,
			);
			buildRules = (
			);
			dependencies = (
			);
			name = Flix2;
			packageProductDependencies = (
				40234BF028D3F26F004406FC /* AlamofireImage */,
			);
			productName = Flix2;
			productReference = 40234BBA28D3DB77004406FC /* Flix2.app */;
			productType = "com.apple.product-type.application";
		};
		40234BCF28D3DB77004406FC /* Flix2Tests */ = {
			isa = PBXNativeTarget;
			buildConfigurationList = 40234BE728D3DB78004406FC /* Build configuration list for PBXNativeTarget "Flix2Tests" */;
			buildPhases = (
				40234BCC28D3DB77004406FC /* Sources */,
				40234BCD28D3DB77004406FC /* Frameworks */,
				40234BCE28D3DB77004406FC /* Resources */,
			);
			buildRules = (
			);
			dependencies = (
				40234BD228D3DB77004406FC /* PBXTargetDependency */,
			);
			name = Flix2Tests;
			productName = Flix2Tests;
			productReference = 40234BD028D3DB77004406FC /* Flix2Tests.xctest */;
			productType = "com.apple.product-type.bundle.unit-test";
		};
		40234BD928D3DB77004406FC /* Flix2UITests */ = {
			isa = PBXNativeTarget;
			buildConfigurationList = 40234BEA28D3DB78004406FC /* Build configuration list for PBXNativeTarget "Flix2UITests" */;
			buildPhases = (
				40234BD628D3DB77004406FC /* Sources */,
				40234BD728D3DB77004406FC /* Frameworks */,
				40234BD828D3DB77004406FC /* Resources */,
			);
			buildRules = (
			);
			dependencies = (
				40234BDC28D3DB77004406FC /* PBXTargetDependency */,
			);
			name = Flix2UITests;
			productName = Flix2UITests;
			productReference = 40234BDA28D3DB77004406FC /* Flix2UITests.xctest */;
			productType = "com.apple.product-type.bundle.ui-testing";
		};
/* End PBXNativeTarget section */

/* Begin PBXProject section */
		40234BB228D3DB77004406FC /* Project object */ = {
			isa = PBXProject;
			attributes = {
				BuildIndependentTargetsInParallel = 1;
				LastSwiftUpdateCheck = 1340;
				LastUpgradeCheck = 1340;
				TargetAttributes = {
					40234BB928D3DB77004406FC = {
						CreatedOnToolsVersion = 13.4.1;
					};
					40234BCF28D3DB77004406FC = {
						CreatedOnToolsVersion = 13.4.1;
						TestTargetID = 40234BB928D3DB77004406FC;
					};
					40234BD928D3DB77004406FC = {
						CreatedOnToolsVersion = 13.4.1;
						TestTargetID = 40234BB928D3DB77004406FC;
					};
				};
			};
			buildConfigurationList = 40234BB528D3DB77004406FC /* Build configuration list for PBXProject "Flix2" */;
			compatibilityVersion = "Xcode 13.0";
			developmentRegion = en;
			hasScannedForEncodings = 0;
			knownRegions = (
				en,
				Base,
			);
			mainGroup = 40234BB128D3DB77004406FC;
			packageReferences = (
				40234BEF28D3F26F004406FC /* XCRemoteSwiftPackageReference "AlamofireImage" */,
			);
			productRefGroup = 40234BBB28D3DB77004406FC /* Products */;
			projectDirPath = "";
			projectRoot = "";
			targets = (
				40234BB928D3DB77004406FC /* Flix2 */,
				40234BCF28D3DB77004406FC /* Flix2Tests */,
				40234BD928D3DB77004406FC /* Flix2UITests */,
			);
		};
/* End PBXProject section */

/* Begin PBXResourcesBuildPhase section */
		40234BB828D3DB77004406FC /* Resources */ = {
			isa = PBXResourcesBuildPhase;
			buildActionMask = 2147483647;
			files = (
				40234BCA28D3DB77004406FC /* LaunchScreen.storyboard in Resources */,
				40234BC728D3DB77004406FC /* Assets.xcassets in Resources */,
				40234BC528D3DB77004406FC /* Main.storyboard in Resources */,
			);
			runOnlyForDeploymentPostprocessing = 0;
		};
		40234BCE28D3DB77004406FC /* Resources */ = {
			isa = PBXResourcesBuildPhase;
			buildActionMask = 2147483647;
			files = (
			);
			runOnlyForDeploymentPostprocessing = 0;
		};
		40234BD828D3DB77004406FC /* Resources */ = {
			isa = PBXResourcesBuildPhase;
			buildActionMask = 2147483647;
			files = (
			);
			runOnlyForDeploymentPostprocessing = 0;
		};
/* End PBXResourcesBuildPhase section */

/* Begin PBXSourcesBuildPhase section */
		40234BB628D3DB77004406FC /* Sources */ = {
			isa = PBXSourcesBuildPhase;
			buildActionMask = 2147483647;
			files = (
				40209E3F28DE62D100187042 /* MovieDetailsViewController.swift in Sources */,
				40234BC228D3DB77004406FC /* ViewController.swift in Sources */,
				40234BBE28D3DB77004406FC /* AppDelegate.swift in Sources */,
				40234BEE28D3ED21004406FC /* MovieCell.swift in Sources */,
				40234BC028D3DB77004406FC /* SceneDelegate.swift in Sources */,
				40D3D4C928DE8D8C008CF0C2 /* MovieGridViewController.swift in Sources */,
				40D3D4CB28DE9002008CF0C2 /* MovieGridCell.swift in Sources */,
			);
			runOnlyForDeploymentPostprocessing = 0;
		};
		40234BCC28D3DB77004406FC /* Sources */ = {
			isa = PBXSourcesBuildPhase;
			buildActionMask = 2147483647;
			files = (
				40209E4028DE652400187042 /* MovieDetailsViewController.swift in Sources */,
				40234BD528D3DB77004406FC /* Flix2Tests.swift in Sources */,
			);
			runOnlyForDeploymentPostprocessing = 0;
		};
		40234BD628D3DB77004406FC /* Sources */ = {
			isa = PBXSourcesBuildPhase;
			buildActionMask = 2147483647;
			files = (
				40234BE128D3DB78004406FC /* Flix2UITestsLaunchTests.swift in Sources */,
				40234BDF28D3DB77004406FC /* Flix2UITests.swift in Sources */,
				40209E4128DE652500187042 /* MovieDetailsViewController.swift in Sources */,
			);
			runOnlyForDeploymentPostprocessing = 0;
		};
/* End PBXSourcesBuildPhase section */

/* Begin PBXTargetDependency section */
		40234BD228D3DB77004406FC /* PBXTargetDependency */ = {
			isa = PBXTargetDependency;
			target = 40234BB928D3DB77004406FC /* Flix2 */;
			targetProxy = 40234BD128D3DB77004406FC /* PBXContainerItemProxy */;
		};
		40234BDC28D3DB77004406FC /* PBXTargetDependency */ = {
			isa = PBXTargetDependency;
			target = 40234BB928D3DB77004406FC /* Flix2 */;
			targetProxy = 40234BDB28D3DB77004406FC /* PBXContainerItemProxy */;
		};
/* End PBXTargetDependency section */

/* Begin PBXVariantGroup section */
		40234BC328D3DB77004406FC /* Main.storyboard */ = {
			isa = PBXVariantGroup;
			children = (
				40234BC428D3DB77004406FC /* Base */,
			);
			name = Main.storyboard;
			sourceTree = "<group>";
		};
		40234BC828D3DB77004406FC /* LaunchScreen.storyboard */ = {
			isa = PBXVariantGroup;
			children = (
				40234BC928D3DB77004406FC /* Base */,
			);
			name = LaunchScreen.storyboard;
			sourceTree = "<group>";
		};
/* End PBXVariantGroup section */

/* Begin XCBuildConfiguration section */
		40234BE228D3DB78004406FC /* Debug */ = {
			isa = XCBuildConfiguration;
			buildSettings = {
				ALWAYS_SEARCH_USER_PATHS = NO;
				CLANG_ANALYZER_NONNULL = YES;
				CLANG_ANALYZER_NUMBER_OBJECT_CONVERSION = YES_AGGRESSIVE;
				CLANG_CXX_LANGUAGE_STANDARD = "gnu++17";
				CLANG_ENABLE_MODULES = YES;
				CLANG_ENABLE_OBJC_ARC = YES;
				CLANG_ENABLE_OBJC_WEAK = YES;
				CLANG_WARN_BLOCK_CAPTURE_AUTORELEASING = YES;
				CLANG_WARN_BOOL_CONVERSION = YES;
				CLANG_WARN_COMMA = YES;
				CLANG_WARN_CONSTANT_CONVERSION = YES;
				CLANG_WARN_DEPRECATED_OBJC_IMPLEMENTATIONS = YES;
				CLANG_WARN_DIRECT_OBJC_ISA_USAGE = YES_ERROR;
				CLANG_WARN_DOCUMENTATION_COMMENTS = YES;
				CLANG_WARN_EMPTY_BODY = YES;
				CLANG_WARN_ENUM_CONVERSION = YES;
				CLANG_WARN_INFINITE_RECURSION = YES;
				CLANG_WARN_INT_CONVERSION = YES;
				CLANG_WARN_NON_LITERAL_NULL_CONVERSION = YES;
				CLANG_WARN_OBJC_IMPLICIT_RETAIN_SELF = YES;
				CLANG_WARN_OBJC_LITERAL_CONVERSION = YES;
				CLANG_WARN_OBJC_ROOT_CLASS = YES_ERROR;
				CLANG_WARN_QUOTED_INCLUDE_IN_FRAMEWORK_HEADER = YES;
				CLANG_WARN_RANGE_LOOP_ANALYSIS = YES;
				CLANG_WARN_STRICT_PROTOTYPES = YES;
				CLANG_WARN_SUSPICIOUS_MOVE = YES;
				CLANG_WARN_UNGUARDED_AVAILABILITY = YES_AGGRESSIVE;
				CLANG_WARN_UNREACHABLE_CODE = YES;
				CLANG_WARN__DUPLICATE_METHOD_MATCH = YES;
				COPY_PHASE_STRIP = NO;
				DEBUG_INFORMATION_FORMAT = dwarf;
				ENABLE_STRICT_OBJC_MSGSEND = YES;
				ENABLE_TESTABILITY = YES;
				GCC_C_LANGUAGE_STANDARD = gnu11;
				GCC_DYNAMIC_NO_PIC = NO;
				GCC_NO_COMMON_BLOCKS = YES;
				GCC_OPTIMIZATION_LEVEL = 0;
				GCC_PREPROCESSOR_DEFINITIONS = (
					"DEBUG=1",
					"$(inherited)",
				);
				GCC_WARN_64_TO_32_BIT_CONVERSION = YES;
				GCC_WARN_ABOUT_RETURN_TYPE = YES_ERROR;
				GCC_WARN_UNDECLARED_SELECTOR = YES;
				GCC_WARN_UNINITIALIZED_AUTOS = YES_AGGRESSIVE;
				GCC_WARN_UNUSED_FUNCTION = YES;
				GCC_WARN_UNUSED_VARIABLE = YES;
				IPHONEOS_DEPLOYMENT_TARGET = 15.5;
				MTL_ENABLE_DEBUG_INFO = INCLUDE_SOURCE;
				MTL_FAST_MATH = YES;
				ONLY_ACTIVE_ARCH = YES;
				SDKROOT = iphoneos;
				SWIFT_ACTIVE_COMPILATION_CONDITIONS = DEBUG;
				SWIFT_OPTIMIZATION_LEVEL = "-Onone";
			};
			name = Debug;
		};
		40234BE328D3DB78004406FC /* Release */ = {
			isa = XCBuildConfiguration;
			buildSettings = {
				ALWAYS_SEARCH_USER_PATHS = NO;
				CLANG_ANALYZER_NONNULL = YES;
				CLANG_ANALYZER_NUMBER_OBJECT_CONVERSION = YES_AGGRESSIVE;
				CLANG_CXX_LANGUAGE_STANDARD = "gnu++17";
				CLANG_ENABLE_MODULES = YES;
				CLANG_ENABLE_OBJC_ARC = YES;
				CLANG_ENABLE_OBJC_WEAK = YES;
				CLANG_WARN_BLOCK_CAPTURE_AUTORELEASING = YES;
				CLANG_WARN_BOOL_CONVERSION = YES;
				CLANG_WARN_COMMA = YES;
				CLANG_WARN_CONSTANT_CONVERSION = YES;
				CLANG_WARN_DEPRECATED_OBJC_IMPLEMENTATIONS = YES;
				CLANG_WARN_DIRECT_OBJC_ISA_USAGE = YES_ERROR;
				CLANG_WARN_DOCUMENTATION_COMMENTS = YES;
				CLANG_WARN_EMPTY_BODY = YES;
				CLANG_WARN_ENUM_CONVERSION = YES;
				CLANG_WARN_INFINITE_RECURSION = YES;
				CLANG_WARN_INT_CONVERSION = YES;
				CLANG_WARN_NON_LITERAL_NULL_CONVERSION = YES;
				CLANG_WARN_OBJC_IMPLICIT_RETAIN_SELF = YES;
				CLANG_WARN_OBJC_LITERAL_CONVERSION = YES;
				CLANG_WARN_OBJC_ROOT_CLASS = YES_ERROR;
				CLANG_WARN_QUOTED_INCLUDE_IN_FRAMEWORK_HEADER = YES;
				CLANG_WARN_RANGE_LOOP_ANALYSIS = YES;
				CLANG_WARN_STRICT_PROTOTYPES = YES;
				CLANG_WARN_SUSPICIOUS_MOVE = YES;
				CLANG_WARN_UNGUARDED_AVAILABILITY = YES_AGGRESSIVE;
				CLANG_WARN_UNREACHABLE_CODE = YES;
				CLANG_WARN__DUPLICATE_METHOD_MATCH = YES;
				COPY_PHASE_STRIP = NO;
				DEBUG_INFORMATION_FORMAT = "dwarf-with-dsym";
				ENABLE_NS_ASSERTIONS = NO;
				ENABLE_STRICT_OBJC_MSGSEND = YES;
				GCC_C_LANGUAGE_STANDARD = gnu11;
				GCC_NO_COMMON_BLOCKS = YES;
				GCC_WARN_64_TO_32_BIT_CONVERSION = YES;
				GCC_WARN_ABOUT_RETURN_TYPE = YES_ERROR;
				GCC_WARN_UNDECLARED_SELECTOR = YES;
				GCC_WARN_UNINITIALIZED_AUTOS = YES_AGGRESSIVE;
				GCC_WARN_UNUSED_FUNCTION = YES;
				GCC_WARN_UNUSED_VARIABLE = YES;
				IPHONEOS_DEPLOYMENT_TARGET = 15.5;
				MTL_ENABLE_DEBUG_INFO = NO;
				MTL_FAST_MATH = YES;
				SDKROOT = iphoneos;
				SWIFT_COMPILATION_MODE = wholemodule;
				SWIFT_OPTIMIZATION_LEVEL = "-O";
				VALIDATE_PRODUCT = YES;
			};
			name = Release;
		};
		40234BE528D3DB78004406FC /* Debug */ = {
			isa = XCBuildConfiguration;
			buildSettings = {
				ASSETCATALOG_COMPILER_APPICON_NAME = AppIcon;
				ASSETCATALOG_COMPILER_GLOBAL_ACCENT_COLOR_NAME = AccentColor;
				CODE_SIGN_STYLE = Automatic;
				CURRENT_PROJECT_VERSION = 1;
				DEVELOPMENT_TEAM = J3KRVKKRDF;
				GENERATE_INFOPLIST_FILE = YES;
				INFOPLIST_FILE = Flix2/Info.plist;
				INFOPLIST_KEY_UIApplicationSupportsIndirectInputEvents = YES;
				INFOPLIST_KEY_UILaunchStoryboardName = LaunchScreen;
				INFOPLIST_KEY_UIMainStoryboardFile = Main;
				INFOPLIST_KEY_UISupportedInterfaceOrientations_iPad = "UIInterfaceOrientationPortrait UIInterfaceOrientationPortraitUpsideDown UIInterfaceOrientationLandscapeLeft UIInterfaceOrientationLandscapeRight";
				INFOPLIST_KEY_UISupportedInterfaceOrientations_iPhone = "UIInterfaceOrientationPortrait UIInterfaceOrientationLandscapeLeft UIInterfaceOrientationLandscapeRight";
				LD_RUNPATH_SEARCH_PATHS = (
					"$(inherited)",
					"@executable_path/Frameworks",
				);
				MARKETING_VERSION = 1.0;
				PRODUCT_BUNDLE_IDENTIFIER = com.yuxin670.Flix2;
				PRODUCT_NAME = "$(TARGET_NAME)";
				SWIFT_EMIT_LOC_STRINGS = YES;
				SWIFT_VERSION = 5.0;
				TARGETED_DEVICE_FAMILY = "1,2";
			};
			name = Debug;
		};
		40234BE628D3DB78004406FC /* Release */ = {
			isa = XCBuildConfiguration;
			buildSettings = {
				ASSETCATALOG_COMPILER_APPICON_NAME = AppIcon;
				ASSETCATALOG_COMPILER_GLOBAL_ACCENT_COLOR_NAME = AccentColor;
				CODE_SIGN_STYLE = Automatic;
				CURRENT_PROJECT_VERSION = 1;
				DEVELOPMENT_TEAM = J3KRVKKRDF;
				GENERATE_INFOPLIST_FILE = YES;
				INFOPLIST_FILE = Flix2/Info.plist;
				INFOPLIST_KEY_UIApplicationSupportsIndirectInputEvents = YES;
				INFOPLIST_KEY_UILaunchStoryboardName = LaunchScreen;
				INFOPLIST_KEY_UIMainStoryboardFile = Main;
				INFOPLIST_KEY_UISupportedInterfaceOrientations_iPad = "UIInterfaceOrientationPortrait UIInterfaceOrientationPortraitUpsideDown UIInterfaceOrientationLandscapeLeft UIInterfaceOrientationLandscapeRight";
				INFOPLIST_KEY_UISupportedInterfaceOrientations_iPhone = "UIInterfaceOrientationPortrait UIInterfaceOrientationLandscapeLeft UIInterfaceOrientationLandscapeRight";
				LD_RUNPATH_SEARCH_PATHS = (
					"$(inherited)",
					"@executable_path/Frameworks",
				);
				MARKETING_VERSION = 1.0;
				PRODUCT_BUNDLE_IDENTIFIER = com.yuxin670.Flix2;
				PRODUCT_NAME = "$(TARGET_NAME)";
				SWIFT_EMIT_LOC_STRINGS = YES;
				SWIFT_VERSION = 5.0;
				TARGETED_DEVICE_FAMILY = "1,2";
			};
			name = Release;
		};
		40234BE828D3DB78004406FC /* Debug */ = {
			isa = XCBuildConfiguration;
			buildSettings = {
				ALWAYS_EMBED_SWIFT_STANDARD_LIBRARIES = YES;
				BUNDLE_LOADER = "$(TEST_HOST)";
				CODE_SIGN_STYLE = Automatic;
				CURRENT_PROJECT_VERSION = 1;
				DEVELOPMENT_TEAM = J3KRVKKRDF;
				GENERATE_INFOPLIST_FILE = YES;
				IPHONEOS_DEPLOYMENT_TARGET = 15.5;
				MARKETING_VERSION = 1.0;
				PRODUCT_BUNDLE_IDENTIFIER = com.yuxin670.Flix2Tests;
				PRODUCT_NAME = "$(TARGET_NAME)";
				SWIFT_EMIT_LOC_STRINGS = NO;
				SWIFT_VERSION = 5.0;
				TARGETED_DEVICE_FAMILY = "1,2";
				TEST_HOST = "$(BUILT_PRODUCTS_DIR)/Flix2.app/Flix2";
			};
			name = Debug;
		};
		40234BE928D3DB78004406FC /* Release */ = {
			isa = XCBuildConfiguration;
			buildSettings = {
				ALWAYS_EMBED_SWIFT_STANDARD_LIBRARIES = YES;
				BUNDLE_LOADER = "$(TEST_HOST)";
				CODE_SIGN_STYLE = Automatic;
				CURRENT_PROJECT_VERSION = 1;
				DEVELOPMENT_TEAM = J3KRVKKRDF;
				GENERATE_INFOPLIST_FILE = YES;
				IPHONEOS_DEPLOYMENT_TARGET = 15.5;
				MARKETING_VERSION = 1.0;
				PRODUCT_BUNDLE_IDENTIFIER = com.yuxin670.Flix2Tests;
				PRODUCT_NAME = "$(TARGET_NAME)";
				SWIFT_EMIT_LOC_STRINGS = NO;
				SWIFT_VERSION = 5.0;
				TARGETED_DEVICE_FAMILY = "1,2";
				TEST_HOST = "$(BUILT_PRODUCTS_DIR)/Flix2.app/Flix2";
			};
			name = Release;
		};
		40234BEB28D3DB78004406FC /* Debug */ = {
			isa = XCBuildConfiguration;
			buildSettings = {
				ALWAYS_EMBED_SWIFT_STANDARD_LIBRARIES = YES;
				CODE_SIGN_STYLE = Automatic;
				CURRENT_PROJECT_VERSION = 1;
				DEVELOPMENT_TEAM = J3KRVKKRDF;
				GENERATE_INFOPLIST_FILE = YES;
				MARKETING_VERSION = 1.0;
				PRODUCT_BUNDLE_IDENTIFIER = com.yuxin670.Flix2UITests;
				PRODUCT_NAME = "$(TARGET_NAME)";
				SWIFT_EMIT_LOC_STRINGS = NO;
				SWIFT_VERSION = 5.0;
				TARGETED_DEVICE_FAMILY = "1,2";
				TEST_TARGET_NAME = Flix2;
			};
			name = Debug;
		};
		40234BEC28D3DB78004406FC /* Release */ = {
			isa = XCBuildConfiguration;
			buildSettings = {
				ALWAYS_EMBED_SWIFT_STANDARD_LIBRARIES = YES;
				CODE_SIGN_STYLE = Automatic;
				CURRENT_PROJECT_VERSION = 1;
				DEVELOPMENT_TEAM = J3KRVKKRDF;
				GENERATE_INFOPLIST_FILE = YES;
				MARKETING_VERSION = 1.0;
				PRODUCT_BUNDLE_IDENTIFIER = com.yuxin670.Flix2UITests;
				PRODUCT_NAME = "$(TARGET_NAME)";
				SWIFT_EMIT_LOC_STRINGS = NO;
				SWIFT_VERSION = 5.0;
				TARGETED_DEVICE_FAMILY = "1,2";
				TEST_TARGET_NAME = Flix2;
			};
			name = Release;
		};
/* End XCBuildConfiguration section */

/* Begin XCConfigurationList section */
		40234BB528D3DB77004406FC /* Build configuration list for PBXProject "Flix2" */ = {
			isa = XCConfigurationList;
			buildConfigurations = (
				40234BE228D3DB78004406FC /* Debug */,
				40234BE328D3DB78004406FC /* Release */,
			);
			defaultConfigurationIsVisible = 0;
			defaultConfigurationName = Release;
		};
		40234BE428D3DB78004406FC /* Build configuration list for PBXNativeTarget "Flix2" */ = {
			isa = XCConfigurationList;
			buildConfigurations = (
				40234BE528D3DB78004406FC /* Debug */,
				40234BE628D3DB78004406FC /* Release */,
			);
			defaultConfigurationIsVisible = 0;
			defaultConfigurationName = Release;
		};
		40234BE728D3DB78004406FC /* Build configuration list for PBXNativeTarget "Flix2Tests" */ = {
			isa = XCConfigurationList;
			buildConfigurations = (
				40234BE828D3DB78004406FC /* Debug */,
				40234BE928D3DB78004406FC /* Release */,
			);
			defaultConfigurationIsVisible = 0;
			defaultConfigurationName = Release;
		};
		40234BEA28D3DB78004406FC /* Build configuration list for PBXNativeTarget "Flix2UITests" */ = {
			isa = XCConfigurationList;
			buildConfigurations = (
				40234BEB28D3DB78004406FC /* Debug */,
				40234BEC28D3DB78004406FC /* Release */,
			);
			defaultConfigurationIsVisible = 0;
			defaultConfigurationName = Release;
		};
/* End XCConfigurationList section */

/* Begin XCRemoteSwiftPackageReference section */
		40234BEF28D3F26F004406FC /* XCRemoteSwiftPackageReference "AlamofireImage" */ = {
			isa = XCRemoteSwiftPackageReference;
			repositoryURL = "https://github.com/Alamofire/AlamofireImage";
			requirement = {
				kind = upToNextMajorVersion;
				minimumVersion = 4.0.0;
			};
		};
/* End XCRemoteSwiftPackageReference section */

/* Begin XCSwiftPackageProductDependency section */
		40234BF028D3F26F004406FC /* AlamofireImage */ = {
			isa = XCSwiftPackageProductDependency;
			package = 40234BEF28D3F26F004406FC /* XCRemoteSwiftPackageReference "AlamofireImage" */;
			productName = AlamofireImage;
		};
/* End XCSwiftPackageProductDependency section */
	};
	rootObject = 40234BB228D3DB77004406FC /* Project object */;
}
